<?xml version="1.0" encoding="utf-8"?>
<Project ToolsVersion="4.0" xmlns="http://schemas.microsoft.com/developer/msbuild/2003">
  <ItemGroup>
    <Filter Include="Source Files">
      <UniqueIdentifier>{4FC737F1-C7A5-4376-A066-2A32D752A2FF}</UniqueIdentifier>
      <Extensions>cpp;c;cc;cxx;def;odl;idl;hpj;bat;asm;asmx</Extensions>
    </Filter>
    <Filter Include="Header Files">
      <UniqueIdentifier>{93995380-89BD-4b04-88EB-625FBE52EBFB}</UniqueIdentifier>
      <Extensions>h;hh;hpp;hxx;hm;inl;inc;xsd</Extensions>
    </Filter>
    <Filter Include="Resource Files">
      <UniqueIdentifier>{67DA6AB6-F800-4c08-8B7A-83BB121AAD01}</UniqueIdentifier>
      <Extensions>rc;ico;cur;bmp;dlg;rc2;rct;bin;rgs;gif;jpg;jpeg;jpe;resx;tiff;tif;png;wav;mfcribbon-ms</Extensions>
    </Filter>
    <Filter Include="shaders">
      <UniqueIdentifier>{5ea5b28a-3f03-43c6-aa76-aad5b0a498c2}</UniqueIdentifier>
    </Filter>
    <Filter Include="Header Files\Provided">
      <UniqueIdentifier>{a6c1e8f1-e8bc-44db-985e-a11dbb60b851}</UniqueIdentifier>
    </Filter>
    <Filter Include="Source Files\Provided">
      <UniqueIdentifier>{03d2830f-58d2-4535-9f69-afa1de93eaf5}</UniqueIdentifier>
    </Filter>
    <Filter Include="Header Files\Extension">
      <UniqueIdentifier>{8120cf64-658d-493f-856c-edaf5d6f67e9}</UniqueIdentifier>
    </Filter>
    <Filter Include="Source Files\Extentions">
      <UniqueIdentifier>{ad5d65fb-9961-446c-82b3-fe1b09419445}</UniqueIdentifier>
    </Filter>
  </ItemGroup>
  <ItemGroup>
    <ClCompile Include="main.cpp">
      <Filter>Source Files</Filter>
    </ClCompile>
    <ClCompile Include="GraphicsApp.cpp">
      <Filter>Source Files</Filter>
    </ClCompile>
    <ClCompile Include="Planet.cpp">
      <Filter>Source Files</Filter>
    </ClCompile>
    <ClCompile Include="OBJMesh.cpp">
      <Filter>Source Files\Provided</Filter>
    </ClCompile>
    <ClCompile Include="Shader.cpp">
      <Filter>Source Files\Provided</Filter>
    </ClCompile>
    <ClCompile Include="Mesh.cpp">
      <Filter>Source Files</Filter>
    </ClCompile>
    <ClCompile Include="Camera.cpp">
      <Filter>Source Files\Extentions</Filter>
    </ClCompile>
    <ClCompile Include="FlyCamera.cpp">
      <Filter>Source Files\Extentions</Filter>
    </ClCompile>
    <ClCompile Include="SolarSystem.cpp">
      <Filter>Source Files\Extentions</Filter>
    </ClCompile>
  </ItemGroup>
  <ItemGroup>
    <ClInclude Include="GraphicsApp.h">
      <Filter>Header Files</Filter>
    </ClInclude>
    <ClInclude Include="Planet.h">
      <Filter>Header Files</Filter>
    </ClInclude>
    <ClInclude Include="Shader.h">
      <Filter>Header Files\Provided</Filter>
    </ClInclude>
    <ClInclude Include="tiny_obj_loader.h">
      <Filter>Header Files\Provided</Filter>
    </ClInclude>
    <ClInclude Include="OBJMesh.h">
      <Filter>Header Files\Provided</Filter>
    </ClInclude>
    <ClInclude Include="Mesh.h">
      <Filter>Header Files</Filter>
    </ClInclude>
    <ClInclude Include="SolarSystem.h">
      <Filter>Header Files\Extension</Filter>
    </ClInclude>
    <ClInclude Include="FlyCamera.h">
      <Filter>Header Files\Extension</Filter>
    </ClInclude>
    <ClInclude Include="Camera.h">
      <Filter>Header Files\Extension</Filter>
    </ClInclude>
  </ItemGroup>
  <ItemGroup>
    <None Include="shaders\simple.frag">
      <Filter>shaders</Filter>
    </None>
    <None Include="shaders\simple.vert">
      <Filter>shaders</Filter>
    </None>
    <None Include="..\bin\shaders\phong.vert">
      <Filter>shaders</Filter>
    </None>
    <None Include="..\bin\shaders\phong.frag">
      <Filter>shaders</Filter>
    </None>
  </ItemGroup>
</Project>